
Microsoft Visual Studio Solution File, Format Version 12.00
# Visual Studio Version 17
VisualStudioVersion = 17.4.33213.308
MinimumVisualStudioVersion = 10.0.40219.1
Project("{FAE04EC0-301F-11D3-BF4B-00C04F79EFBC}") = "01.SingleInheritance", "01.SingleInheritance\01.SingleInheritance.csproj", "{C41C3979-7299-4C48-8940-C2ACA14009D5}"
EndProject
Project("{FAE04EC0-301F-11D3-BF4B-00C04F79EFBC}") = "02.MultipleInheritance", "02.MultipleInheritance\02.MultipleInheritance.csproj", "{92487988-FA4C-4E37-8EA4-C5D5743BD9E1}"
EndProject
Project("{FAE04EC0-301F-11D3-BF4B-00C04F79EFBC}") = "03.HierarchicalInheritance", "03.HierarchicalInheritance\03.HierarchicalInheritance.csproj", "{595E9B8F-D97E-48E7-A0D1-72E62B7CD3BA}"
EndProject
Project("{FAE04EC0-301F-11D3-BF4B-00C04F79EFBC}") = "04.RandomList", "04.RandomList\04.RandomList.csproj", "{F05719FA-C42C-4E6A-BB41-6E298B64A30A}"
EndProject
Project("{FAE04EC0-301F-11D3-BF4B-00C04F79EFBC}") = "05.StackOfStrings", "05.StackOfStrings\05.StackOfStrings.csproj", "{E6A50D29-887A-49E3-A593-4FBF4160E286}"
EndProject
Global
	GlobalSection(SolutionConfigurationPlatforms) = preSolution
		Debug|Any CPU = Debug|Any CPU
		Release|Any CPU = Release|Any CPU
	EndGlobalSection
	GlobalSection(ProjectConfigurationPlatforms) = postSolution
		{C41C3979-7299-4C48-8940-C2ACA14009D5}.Debug|Any CPU.ActiveCfg = Debug|Any CPU
		{C41C3979-7299-4C48-8940-C2ACA14009D5}.Debug|Any CPU.Build.0 = Debug|Any CPU
		{C41C3979-7299-4C48-8940-C2ACA14009D5}.Release|Any CPU.ActiveCfg = Release|Any CPU
		{C41C3979-7299-4C48-8940-C2ACA14009D5}.Release|Any CPU.Build.0 = Release|Any CPU
		{92487988-FA4C-4E37-8EA4-C5D5743BD9E1}.Debug|Any CPU.ActiveCfg = Debug|Any CPU
		{92487988-FA4C-4E37-8EA4-C5D5743BD9E1}.Debug|Any CPU.Build.0 = Debug|Any CPU
		{92487988-FA4C-4E37-8EA4-C5D5743BD9E1}.Release|Any CPU.ActiveCfg = Release|Any CPU
		{92487988-FA4C-4E37-8EA4-C5D5743BD9E1}.Release|Any CPU.Build.0 = Release|Any CPU
		{595E9B8F-D97E-48E7-A0D1-72E62B7CD3BA}.Debug|Any CPU.ActiveCfg = Debug|Any CPU
		{595E9B8F-D97E-48E7-A0D1-72E62B7CD3BA}.Debug|Any CPU.Build.0 = Debug|Any CPU
		{595E9B8F-D97E-48E7-A0D1-72E62B7CD3BA}.Release|Any CPU.ActiveCfg = Release|Any CPU
		{595E9B8F-D97E-48E7-A0D1-72E62B7CD3BA}.Release|Any CPU.Build.0 = Release|Any CPU
		{F05719FA-C42C-4E6A-BB41-6E298B64A30A}.Debug|Any CPU.ActiveCfg = Debug|Any CPU
		{F05719FA-C42C-4E6A-BB41-6E298B64A30A}.Debug|Any CPU.Build.0 = Debug|Any CPU
		{F05719FA-C42C-4E6A-BB41-6E298B64A30A}.Release|Any CPU.ActiveCfg = Release|Any CPU
		{F05719FA-C42C-4E6A-BB41-6E298B64A30A}.Release|Any CPU.Build.0 = Release|Any CPU
		{E6A50D29-887A-49E3-A593-4FBF4160E286}.Debug|Any CPU.ActiveCfg = Debug|Any CPU
		{E6A50D29-887A-49E3-A593-4FBF4160E286}.Debug|Any CPU.Build.0 = Debug|Any CPU
		{E6A50D29-887A-49E3-A593-4FBF4160E286}.Release|Any CPU.ActiveCfg = Release|Any CPU
		{E6A50D29-887A-49E3-A593-4FBF4160E286}.Release|Any CPU.Build.0 = Release|Any CPU
	EndGlobalSection
	GlobalSection(SolutionProperties) = preSolution
		HideSolutionNode = FALSE
	EndGlobalSection
	GlobalSection(ExtensibilityGlobals) = postSolution
		SolutionGuid = {3A19EDB2-84C0-4193-9A21-2E227834B827}
	EndGlobalSection
EndGlobal
