
Microsoft Visual Studio Solution File, Format Version 12.00
# Visual Studio Version 17
VisualStudioVersion = 17.4.33213.308
MinimumVisualStudioVersion = 10.0.40219.1
Project("{FAE04EC0-301F-11D3-BF4B-00C04F79EFBC}") = "01.ClassBoxData", "01.ClassBoxData\01.ClassBoxData.csproj", "{95D6BEAD-E9C4-41CF-B5C9-CD2D8DAC44DF}"
EndProject
Project("{FAE04EC0-301F-11D3-BF4B-00C04F79EFBC}") = "03.ShoppingSpree", "03.ShoppingSpree\03.ShoppingSpree.csproj", "{F0A89A32-91BF-461C-9E51-12A90D07AA11}"
EndProject
Global
	GlobalSection(SolutionConfigurationPlatforms) = preSolution
		Debug|Any CPU = Debug|Any CPU
		Release|Any CPU = Release|Any CPU
	EndGlobalSection
	GlobalSection(ProjectConfigurationPlatforms) = postSolution
		{95D6BEAD-E9C4-41CF-B5C9-CD2D8DAC44DF}.Debug|Any CPU.ActiveCfg = Debug|Any CPU
		{95D6BEAD-E9C4-41CF-B5C9-CD2D8DAC44DF}.Debug|Any CPU.Build.0 = Debug|Any CPU
		{95D6BEAD-E9C4-41CF-B5C9-CD2D8DAC44DF}.Release|Any CPU.ActiveCfg = Release|Any CPU
		{95D6BEAD-E9C4-41CF-B5C9-CD2D8DAC44DF}.Release|Any CPU.Build.0 = Release|Any CPU
		{F0A89A32-91BF-461C-9E51-12A90D07AA11}.Debug|Any CPU.ActiveCfg = Debug|Any CPU
		{F0A89A32-91BF-461C-9E51-12A90D07AA11}.Debug|Any CPU.Build.0 = Debug|Any CPU
		{F0A89A32-91BF-461C-9E51-12A90D07AA11}.Release|Any CPU.ActiveCfg = Release|Any CPU
		{F0A89A32-91BF-461C-9E51-12A90D07AA11}.Release|Any CPU.Build.0 = Release|Any CPU
	EndGlobalSection
	GlobalSection(SolutionProperties) = preSolution
		HideSolutionNode = FALSE
	EndGlobalSection
	GlobalSection(ExtensibilityGlobals) = postSolution
		SolutionGuid = {74B5A267-ACFF-47B6-A5FF-8439C14E7CB0}
	EndGlobalSection
EndGlobal
