
Microsoft Visual Studio Solution File, Format Version 12.00
# Visual Studio Version 17
VisualStudioVersion = 17.4.33213.308
MinimumVisualStudioVersion = 10.0.40219.1
Project("{9A19103F-16F7-4668-BE54-9A1E7A4F7556}") = "UniversityCompetition", "UniversityCompetition.csproj", "{373E46B3-E3C3-4BBB-9A7E-0C312A08132C}"
EndProject
Global
	GlobalSection(SolutionConfigurationPlatforms) = preSolution
		Debug|Any CPU = Debug|Any CPU
		Release|Any CPU = Release|Any CPU
	EndGlobalSection
	GlobalSection(ProjectConfigurationPlatforms) = postSolution
		{373E46B3-E3C3-4BBB-9A7E-0C312A08132C}.Debug|Any CPU.ActiveCfg = Debug|Any CPU
		{373E46B3-E3C3-4BBB-9A7E-0C312A08132C}.Debug|Any CPU.Build.0 = Debug|Any CPU
		{373E46B3-E3C3-4BBB-9A7E-0C312A08132C}.Release|Any CPU.ActiveCfg = Release|Any CPU
		{373E46B3-E3C3-4BBB-9A7E-0C312A08132C}.Release|Any CPU.Build.0 = Release|Any CPU
	EndGlobalSection
	GlobalSection(SolutionProperties) = preSolution
		HideSolutionNode = FALSE
	EndGlobalSection
	GlobalSection(ExtensibilityGlobals) = postSolution
		SolutionGuid = {899C8B6A-3D09-4644-87CC-EB4E211DD420}
	EndGlobalSection
EndGlobal
