
Microsoft Visual Studio Solution File, Format Version 12.00
# Visual Studio Version 17
VisualStudioVersion = 17.4.33213.308
MinimumVisualStudioVersion = 10.0.40219.1
Project("{9A19103F-16F7-4668-BE54-9A1E7A4F7556}") = "01.SquareRoot", "01.SquareRoot\01.SquareRoot.csproj", "{4783EF8D-02A6-4736-93F5-CCC277BBDA00}"
EndProject
Project("{9A19103F-16F7-4668-BE54-9A1E7A4F7556}") = "02.EnterNumbers", "02.EnterNumbers\02.EnterNumbers.csproj", "{AA585EE8-1AD7-4F81-BFA7-A709CFA0CD52}"
EndProject
Project("{FAE04EC0-301F-11D3-BF4B-00C04F79EFBC}") = "03.Cards", "03.Cards\03.Cards.csproj", "{1878B763-A758-40B1-A4FB-B699E0F77FE3}"
EndProject
Global
	GlobalSection(SolutionConfigurationPlatforms) = preSolution
		Debug|Any CPU = Debug|Any CPU
		Release|Any CPU = Release|Any CPU
	EndGlobalSection
	GlobalSection(ProjectConfigurationPlatforms) = postSolution
		{4783EF8D-02A6-4736-93F5-CCC277BBDA00}.Debug|Any CPU.ActiveCfg = Debug|Any CPU
		{4783EF8D-02A6-4736-93F5-CCC277BBDA00}.Debug|Any CPU.Build.0 = Debug|Any CPU
		{4783EF8D-02A6-4736-93F5-CCC277BBDA00}.Release|Any CPU.ActiveCfg = Release|Any CPU
		{4783EF8D-02A6-4736-93F5-CCC277BBDA00}.Release|Any CPU.Build.0 = Release|Any CPU
		{AA585EE8-1AD7-4F81-BFA7-A709CFA0CD52}.Debug|Any CPU.ActiveCfg = Debug|Any CPU
		{AA585EE8-1AD7-4F81-BFA7-A709CFA0CD52}.Debug|Any CPU.Build.0 = Debug|Any CPU
		{AA585EE8-1AD7-4F81-BFA7-A709CFA0CD52}.Release|Any CPU.ActiveCfg = Release|Any CPU
		{AA585EE8-1AD7-4F81-BFA7-A709CFA0CD52}.Release|Any CPU.Build.0 = Release|Any CPU
		{1878B763-A758-40B1-A4FB-B699E0F77FE3}.Debug|Any CPU.ActiveCfg = Debug|Any CPU
		{1878B763-A758-40B1-A4FB-B699E0F77FE3}.Debug|Any CPU.Build.0 = Debug|Any CPU
		{1878B763-A758-40B1-A4FB-B699E0F77FE3}.Release|Any CPU.ActiveCfg = Release|Any CPU
		{1878B763-A758-40B1-A4FB-B699E0F77FE3}.Release|Any CPU.Build.0 = Release|Any CPU
	EndGlobalSection
	GlobalSection(SolutionProperties) = preSolution
		HideSolutionNode = FALSE
	EndGlobalSection
	GlobalSection(ExtensibilityGlobals) = postSolution
		SolutionGuid = {B5ADF32B-244F-4D67-8D3F-4E6614BC8B09}
	EndGlobalSection
EndGlobal
